// !$*UTF8*$!
{
	archiveVersion = 1;
	classes = {
	};
	objectVersion = 46;
	objects = {

/* Begin PBXBuildFile section */
		D83A145E1EAA81DC001E2212 /* SoundPlayer.swift in Sources */ = {isa = PBXBuildFile; fileRef = D83A145D1EAA81DC001E2212 /* SoundPlayer.swift */; };
		D83EA6121EA83D1900839624 /* Audio.xcassets in Resources */ = {isa = PBXBuildFile; fileRef = D83EA6111EA83D1900839624 /* Audio.xcassets */; };
		D895F5171EBC09350063546A /* TimeDisplayView.swift in Sources */ = {isa = PBXBuildFile; fileRef = D895F5161EBC09350063546A /* TimeDisplayView.swift */; };
		D8AB6B711E992BA400A42749 /* AppDelegate.swift in Sources */ = {isa = PBXBuildFile; fileRef = D8AB6B701E992BA400A42749 /* AppDelegate.swift */; };
		D8AB6B731E992BA400A42749 /* ViewController.swift in Sources */ = {isa = PBXBuildFile; fileRef = D8AB6B721E992BA400A42749 /* ViewController.swift */; };
		D8AB6B761E992BA400A42749 /* Main.storyboard in Resources */ = {isa = PBXBuildFile; fileRef = D8AB6B741E992BA400A42749 /* Main.storyboard */; };
		D8AB6B781E992BA400A42749 /* Assets.xcassets in Resources */ = {isa = PBXBuildFile; fileRef = D8AB6B771E992BA400A42749 /* Assets.xcassets */; };
		D8AB6B7B1E992BA400A42749 /* LaunchScreen.storyboard in Resources */ = {isa = PBXBuildFile; fileRef = D8AB6B791E992BA400A42749 /* LaunchScreen.storyboard */; };
		D8AB6B861E992BA500A42749 /* Task_TimerTests.swift in Sources */ = {isa = PBXBuildFile; fileRef = D8AB6B851E992BA500A42749 /* Task_TimerTests.swift */; };
		D8AB6B911E9ACCE800A42749 /* TimeTracker.swift in Sources */ = {isa = PBXBuildFile; fileRef = D8AB6B901E9ACCE800A42749 /* TimeTracker.swift */; };
		D8AB6B931E9DB81A00A42749 /* TimeTrackerTests.swift in Sources */ = {isa = PBXBuildFile; fileRef = D8AB6B921E9DB81A00A42749 /* TimeTrackerTests.swift */; };
/* End PBXBuildFile section */

/* Begin PBXContainerItemProxy section */
		D8AB6B821E992BA500A42749 /* PBXContainerItemProxy */ = {
			isa = PBXContainerItemProxy;
			containerPortal = D8AB6B651E992BA400A42749 /* Project object */;
			proxyType = 1;
			remoteGlobalIDString = D8AB6B6C1E992BA400A42749;
			remoteInfo = "Task Timer";
		};
/* End PBXContainerItemProxy section */

/* Begin PBXFileReference section */
		D83A145D1EAA81DC001E2212 /* SoundPlayer.swift */ = {isa = PBXFileReference; fileEncoding = 4; lastKnownFileType = sourcecode.swift; path = SoundPlayer.swift; sourceTree = "<group>"; };
		D83EA6111EA83D1900839624 /* Audio.xcassets */ = {isa = PBXFileReference; lastKnownFileType = folder.assetcatalog; path = Audio.xcassets; sourceTree = "<group>"; };
		D895F5161EBC09350063546A /* TimeDisplayView.swift */ = {isa = PBXFileReference; fileEncoding = 4; lastKnownFileType = sourcecode.swift; path = TimeDisplayView.swift; sourceTree = "<group>"; };
		D8AB6B6D1E992BA400A42749 /* Task Timer.app */ = {isa = PBXFileReference; explicitFileType = wrapper.application; includeInIndex = 0; path = "Task Timer.app"; sourceTree = BUILT_PRODUCTS_DIR; };
		D8AB6B701E992BA400A42749 /* AppDelegate.swift */ = {isa = PBXFileReference; lastKnownFileType = sourcecode.swift; path = AppDelegate.swift; sourceTree = "<group>"; };
		D8AB6B721E992BA400A42749 /* ViewController.swift */ = {isa = PBXFileReference; lastKnownFileType = sourcecode.swift; path = ViewController.swift; sourceTree = "<group>"; };
		D8AB6B751E992BA400A42749 /* Base */ = {isa = PBXFileReference; lastKnownFileType = file.storyboard; name = Base; path = Base.lproj/Main.storyboard; sourceTree = "<group>"; };
		D8AB6B771E992BA400A42749 /* Assets.xcassets */ = {isa = PBXFileReference; lastKnownFileType = folder.assetcatalog; path = Assets.xcassets; sourceTree = "<group>"; };
		D8AB6B7A1E992BA400A42749 /* Base */ = {isa = PBXFileReference; lastKnownFileType = file.storyboard; name = Base; path = Base.lproj/LaunchScreen.storyboard; sourceTree = "<group>"; };
		D8AB6B7C1E992BA400A42749 /* Info.plist */ = {isa = PBXFileReference; lastKnownFileType = text.plist.xml; path = Info.plist; sourceTree = "<group>"; };
		D8AB6B811E992BA500A42749 /* Task TimerTests.xctest */ = {isa = PBXFileReference; explicitFileType = wrapper.cfbundle; includeInIndex = 0; path = "Task TimerTests.xctest"; sourceTree = BUILT_PRODUCTS_DIR; };
		D8AB6B851E992BA500A42749 /* Task_TimerTests.swift */ = {isa = PBXFileReference; lastKnownFileType = sourcecode.swift; path = Task_TimerTests.swift; sourceTree = "<group>"; };
		D8AB6B871E992BA500A42749 /* Info.plist */ = {isa = PBXFileReference; lastKnownFileType = text.plist.xml; path = Info.plist; sourceTree = "<group>"; };
		D8AB6B901E9ACCE800A42749 /* TimeTracker.swift */ = {isa = PBXFileReference; fileEncoding = 4; lastKnownFileType = sourcecode.swift; path = TimeTracker.swift; sourceTree = "<group>"; };
		D8AB6B921E9DB81A00A42749 /* TimeTrackerTests.swift */ = {isa = PBXFileReference; fileEncoding = 4; lastKnownFileType = sourcecode.swift; path = TimeTrackerTests.swift; sourceTree = "<group>"; };
/* End PBXFileReference section */

/* Begin PBXFrameworksBuildPhase section */
		D8AB6B6A1E992BA400A42749 /* Frameworks */ = {
			isa = PBXFrameworksBuildPhase;
			buildActionMask = 2147483647;
			files = (
			);
			runOnlyForDeploymentPostprocessing = 0;
		};
		D8AB6B7E1E992BA500A42749 /* Frameworks */ = {
			isa = PBXFrameworksBuildPhase;
			buildActionMask = 2147483647;
			files = (
			);
			runOnlyForDeploymentPostprocessing = 0;
		};
/* End PBXFrameworksBuildPhase section */

/* Begin PBXGroup section */
		D8AB6B641E992BA400A42749 = {
			isa = PBXGroup;
			children = (
				D8AB6B6F1E992BA400A42749 /* Task Timer */,
				D8AB6B841E992BA500A42749 /* Task TimerTests */,
				D8AB6B6E1E992BA400A42749 /* Products */,
			);
			sourceTree = "<group>";
		};
		D8AB6B6E1E992BA400A42749 /* Products */ = {
			isa = PBXGroup;
			children = (
				D8AB6B6D1E992BA400A42749 /* Task Timer.app */,
				D8AB6B811E992BA500A42749 /* Task TimerTests.xctest */,
			);
			name = Products;
			sourceTree = "<group>";
		};
		D8AB6B6F1E992BA400A42749 /* Task Timer */ = {
			isa = PBXGroup;
			children = (
				D8AB6B701E992BA400A42749 /* AppDelegate.swift */,
				D8AB6B721E992BA400A42749 /* ViewController.swift */,
				D895F5161EBC09350063546A /* TimeDisplayView.swift */,
				D8AB6B741E992BA400A42749 /* Main.storyboard */,
				D8AB6B901E9ACCE800A42749 /* TimeTracker.swift */,
				D83A145D1EAA81DC001E2212 /* SoundPlayer.swift */,
				D8AB6B771E992BA400A42749 /* Assets.xcassets */,
				D8AB6B791E992BA400A42749 /* LaunchScreen.storyboard */,
				D8AB6B7C1E992BA400A42749 /* Info.plist */,
				D83EA6111EA83D1900839624 /* Audio.xcassets */,
			);
			path = "Task Timer";
			sourceTree = "<group>";
		};
		D8AB6B841E992BA500A42749 /* Task TimerTests */ = {
			isa = PBXGroup;
			children = (
				D8AB6B851E992BA500A42749 /* Task_TimerTests.swift */,
				D8AB6B921E9DB81A00A42749 /* TimeTrackerTests.swift */,
				D8AB6B871E992BA500A42749 /* Info.plist */,
			);
			path = "Task TimerTests";
			sourceTree = "<group>";
		};
/* End PBXGroup section */

/* Begin PBXNativeTarget section */
		D8AB6B6C1E992BA400A42749 /* Task Timer */ = {
			isa = PBXNativeTarget;
			buildConfigurationList = D8AB6B8A1E992BA500A42749 /* Build configuration list for PBXNativeTarget "Task Timer" */;
			buildPhases = (
				D8AB6B691E992BA400A42749 /* Sources */,
				D8AB6B6A1E992BA400A42749 /* Frameworks */,
				D8AB6B6B1E992BA400A42749 /* Resources */,
			);
			buildRules = (
			);
			dependencies = (
			);
			name = "Task Timer";
			productName = "Task Timer";
			productReference = D8AB6B6D1E992BA400A42749 /* Task Timer.app */;
			productType = "com.apple.product-type.application";
		};
		D8AB6B801E992BA500A42749 /* Task TimerTests */ = {
			isa = PBXNativeTarget;
			buildConfigurationList = D8AB6B8D1E992BA500A42749 /* Build configuration list for PBXNativeTarget "Task TimerTests" */;
			buildPhases = (
				D8AB6B7D1E992BA500A42749 /* Sources */,
				D8AB6B7E1E992BA500A42749 /* Frameworks */,
				D8AB6B7F1E992BA500A42749 /* Resources */,
			);
			buildRules = (
			);
			dependencies = (
				D8AB6B831E992BA500A42749 /* PBXTargetDependency */,
			);
			name = "Task TimerTests";
			productName = "Task TimerTests";
			productReference = D8AB6B811E992BA500A42749 /* Task TimerTests.xctest */;
			productType = "com.apple.product-type.bundle.unit-test";
		};
/* End PBXNativeTarget section */

/* Begin PBXProject section */
		D8AB6B651E992BA400A42749 /* Project object */ = {
			isa = PBXProject;
			attributes = {
				LastSwiftUpdateCheck = 0830;
				LastUpgradeCheck = 0830;
				ORGANIZATIONNAME = "Joseph Chan";
				TargetAttributes = {
					D8AB6B6C1E992BA400A42749 = {
						CreatedOnToolsVersion = 8.3.1;
						DevelopmentTeam = 5ZPSLB5CM4;
						ProvisioningStyle = Automatic;
					};
					D8AB6B801E992BA500A42749 = {
						CreatedOnToolsVersion = 8.3.1;
						ProvisioningStyle = Automatic;
						TestTargetID = D8AB6B6C1E992BA400A42749;
					};
				};
			};
			buildConfigurationList = D8AB6B681E992BA400A42749 /* Build configuration list for PBXProject "Task Timer" */;
			compatibilityVersion = "Xcode 3.2";
			developmentRegion = English;
			hasScannedForEncodings = 0;
			knownRegions = (
				en,
				Base,
			);
			mainGroup = D8AB6B641E992BA400A42749;
			productRefGroup = D8AB6B6E1E992BA400A42749 /* Products */;
			projectDirPath = "";
			projectRoot = "";
			targets = (
				D8AB6B6C1E992BA400A42749 /* Task Timer */,
				D8AB6B801E992BA500A42749 /* Task TimerTests */,
			);
		};
/* End PBXProject section */

/* Begin PBXResourcesBuildPhase section */
		D8AB6B6B1E992BA400A42749 /* Resources */ = {
			isa = PBXResourcesBuildPhase;
			buildActionMask = 2147483647;
			files = (
				D83EA6121EA83D1900839624 /* Audio.xcassets in Resources */,
				D8AB6B7B1E992BA400A42749 /* LaunchScreen.storyboard in Resources */,
				D8AB6B781E992BA400A42749 /* Assets.xcassets in Resources */,
				D8AB6B761E992BA400A42749 /* Main.storyboard in Resources */,
			);
			runOnlyForDeploymentPostprocessing = 0;
		};
		D8AB6B7F1E992BA500A42749 /* Resources */ = {
			isa = PBXResourcesBuildPhase;
			buildActionMask = 2147483647;
			files = (
			);
			runOnlyForDeploymentPostprocessing = 0;
		};
/* End PBXResourcesBuildPhase section */

/* Begin PBXSourcesBuildPhase section */
		D8AB6B691E992BA400A42749 /* Sources */ = {
			isa = PBXSourcesBuildPhase;
			buildActionMask = 2147483647;
			files = (
				D895F5171EBC09350063546A /* TimeDisplayView.swift in Sources */,
				D8AB6B731E992BA400A42749 /* ViewController.swift in Sources */,
				D8AB6B711E992BA400A42749 /* AppDelegate.swift in Sources */,
				D83A145E1EAA81DC001E2212 /* SoundPlayer.swift in Sources */,
				D8AB6B911E9ACCE800A42749 /* TimeTracker.swift in Sources */,
			);
			runOnlyForDeploymentPostprocessing = 0;
		};
		D8AB6B7D1E992BA500A42749 /* Sources */ = {
			isa = PBXSourcesBuildPhase;
			buildActionMask = 2147483647;
			files = (
				D8AB6B861E992BA500A42749 /* Task_TimerTests.swift in Sources */,
				D8AB6B931E9DB81A00A42749 /* TimeTrackerTests.swift in Sources */,
			);
			runOnlyForDeploymentPostprocessing = 0;
		};
/* End PBXSourcesBuildPhase section */

/* Begin PBXTargetDependency section */
		D8AB6B831E992BA500A42749 /* PBXTargetDependency */ = {
			isa = PBXTargetDependency;
			target = D8AB6B6C1E992BA400A42749 /* Task Timer */;
			targetProxy = D8AB6B821E992BA500A42749 /* PBXContainerItemProxy */;
		};
/* End PBXTargetDependency section */

/* Begin PBXVariantGroup section */
		D8AB6B741E992BA400A42749 /* Main.storyboard */ = {
			isa = PBXVariantGroup;
			children = (
				D8AB6B751E992BA400A42749 /* Base */,
			);
			name = Main.storyboard;
			sourceTree = "<group>";
		};
		D8AB6B791E992BA400A42749 /* LaunchScreen.storyboard */ = {
			isa = PBXVariantGroup;
			children = (
				D8AB6B7A1E992BA400A42749 /* Base */,
			);
			name = LaunchScreen.storyboard;
			sourceTree = "<group>";
		};
/* End PBXVariantGroup section */

/* Begin XCBuildConfiguration section */
		D8AB6B881E992BA500A42749 /* Debug */ = {
			isa = XCBuildConfiguration;
			buildSettings = {
				ALWAYS_SEARCH_USER_PATHS = NO;
				CLANG_ANALYZER_NONNULL = YES;
				CLANG_ANALYZER_NUMBER_OBJECT_CONVERSION = YES_AGGRESSIVE;
				CLANG_CXX_LANGUAGE_STANDARD = "gnu++0x";
				CLANG_CXX_LIBRARY = "libc++";
				CLANG_ENABLE_MODULES = YES;
				CLANG_ENABLE_OBJC_ARC = YES;
				CLANG_WARN_BOOL_CONVERSION = YES;
				CLANG_WARN_CONSTANT_CONVERSION = YES;
				CLANG_WARN_DIRECT_OBJC_ISA_USAGE = YES_ERROR;
				CLANG_WARN_DOCUMENTATION_COMMENTS = YES;
				CLANG_WARN_EMPTY_BODY = YES;
				CLANG_WARN_ENUM_CONVERSION = YES;
				CLANG_WARN_INFINITE_RECURSION = YES;
				CLANG_WARN_INT_CONVERSION = YES;
				CLANG_WARN_OBJC_ROOT_CLASS = YES_ERROR;
				CLANG_WARN_SUSPICIOUS_MOVE = YES;
				CLANG_WARN_UNREACHABLE_CODE = YES;
				CLANG_WARN__DUPLICATE_METHOD_MATCH = YES;
				"CODE_SIGN_IDENTITY[sdk=iphoneos*]" = "iPhone Developer";
				COPY_PHASE_STRIP = NO;
				DEBUG_INFORMATION_FORMAT = dwarf;
				ENABLE_STRICT_OBJC_MSGSEND = YES;
				ENABLE_TESTABILITY = YES;
				GCC_C_LANGUAGE_STANDARD = gnu99;
				GCC_DYNAMIC_NO_PIC = NO;
				GCC_NO_COMMON_BLOCKS = YES;
				GCC_OPTIMIZATION_LEVEL = 0;
				GCC_PREPROCESSOR_DEFINITIONS = (
					"DEBUG=1",
					"$(inherited)",
				);
				GCC_WARN_64_TO_32_BIT_CONVERSION = YES;
				GCC_WARN_ABOUT_RETURN_TYPE = YES_ERROR;
				GCC_WARN_UNDECLARED_SELECTOR = YES;
				GCC_WARN_UNINITIALIZED_AUTOS = YES_AGGRESSIVE;
				GCC_WARN_UNUSED_FUNCTION = YES;
				GCC_WARN_UNUSED_VARIABLE = YES;
				IPHONEOS_DEPLOYMENT_TARGET = 10.3;
				MTL_ENABLE_DEBUG_INFO = YES;
				ONLY_ACTIVE_ARCH = YES;
				SDKROOT = iphoneos;
				SWIFT_ACTIVE_COMPILATION_CONDITIONS = DEBUG;
				SWIFT_OPTIMIZATION_LEVEL = "-Onone";
				TARGETED_DEVICE_FAMILY = "1,2";
			};
			name = Debug;
		};
		D8AB6B891E992BA500A42749 /* Release */ = {
			isa = XCBuildConfiguration;
			buildSettings = {
				ALWAYS_SEARCH_USER_PATHS = NO;
				CLANG_ANALYZER_NONNULL = YES;
				CLANG_ANALYZER_NUMBER_OBJECT_CONVERSION = YES_AGGRESSIVE;
				CLANG_CXX_LANGUAGE_STANDARD = "gnu++0x";
				CLANG_CXX_LIBRARY = "libc++";
				CLANG_ENABLE_MODULES = YES;
				CLANG_ENABLE_OBJC_ARC = YES;
				CLANG_WARN_BOOL_CONVERSION = YES;
				CLANG_WARN_CONSTANT_CONVERSION = YES;
				CLANG_WARN_DIRECT_OBJC_ISA_USAGE = YES_ERROR;
				CLANG_WARN_DOCUMENTATION_COMMENTS = YES;
				CLANG_WARN_EMPTY_BODY = YES;
				CLANG_WARN_ENUM_CONVERSION = YES;
				CLANG_WARN_INFINITE_RECURSION = YES;
				CLANG_WARN_INT_CONVERSION = YES;
				CLANG_WARN_OBJC_ROOT_CLASS = YES_ERROR;
				CLANG_WARN_SUSPICIOUS_MOVE = YES;
				CLANG_WARN_UNREACHABLE_CODE = YES;
				CLANG_WARN__DUPLICATE_METHOD_MATCH = YES;
				"CODE_SIGN_IDENTITY[sdk=iphoneos*]" = "iPhone Developer";
				COPY_PHASE_STRIP = NO;
				DEBUG_INFORMATION_FORMAT = "dwarf-with-dsym";
				ENABLE_NS_ASSERTIONS = NO;
				ENABLE_STRICT_OBJC_MSGSEND = YES;
				GCC_C_LANGUAGE_STANDARD = gnu99;
				GCC_NO_COMMON_BLOCKS = YES;
				GCC_WARN_64_TO_32_BIT_CONVERSION = YES;
				GCC_WARN_ABOUT_RETURN_TYPE = YES_ERROR;
				GCC_WARN_UNDECLARED_SELECTOR = YES;
				GCC_WARN_UNINITIALIZED_AUTOS = YES_AGGRESSIVE;
				GCC_WARN_UNUSED_FUNCTION = YES;
				GCC_WARN_UNUSED_VARIABLE = YES;
				IPHONEOS_DEPLOYMENT_TARGET = 10.3;
				MTL_ENABLE_DEBUG_INFO = NO;
				SDKROOT = iphoneos;
				SWIFT_OPTIMIZATION_LEVEL = "-Owholemodule";
				TARGETED_DEVICE_FAMILY = "1,2";
				VALIDATE_PRODUCT = YES;
			};
			name = Release;
		};
		D8AB6B8B1E992BA500A42749 /* Debug */ = {
			isa = XCBuildConfiguration;
			buildSettings = {
				ASSETCATALOG_COMPILER_APPICON_NAME = AppIcon;
				DEBUG_ACTIVITY_MODE = "";
				"DEBUG_ACTIVITY_MODE[sdk=iphonesimulator*]" = disable;
				DEVELOPMENT_TEAM = 5ZPSLB5CM4;
				INFOPLIST_FILE = "Task Timer/Info.plist";
				LD_RUNPATH_SEARCH_PATHS = "$(inherited) @executable_path/Frameworks";
				PRODUCT_BUNDLE_IDENTIFIER = "com.example.Task-Timer";
				PRODUCT_NAME = "$(TARGET_NAME)";
				SWIFT_VERSION = 3.0;
			};
			name = Debug;
		};
		D8AB6B8C1E992BA500A42749 /* Release */ = {
			isa = XCBuildConfiguration;
			buildSettings = {
				ASSETCATALOG_COMPILER_APPICON_NAME = AppIcon;
				DEBUG_ACTIVITY_MODE = "";
				DEVELOPMENT_TEAM = 5ZPSLB5CM4;
				INFOPLIST_FILE = "Task Timer/Info.plist";
				LD_RUNPATH_SEARCH_PATHS = "$(inherited) @executable_path/Frameworks";
				PRODUCT_BUNDLE_IDENTIFIER = "com.example.Task-Timer";
				PRODUCT_NAME = "$(TARGET_NAME)";
				SWIFT_VERSION = 3.0;
			};
			name = Release;
		};
		D8AB6B8E1E992BA500A42749 /* Debug */ = {
			isa = XCBuildConfiguration;
			buildSettings = {
				ALWAYS_EMBED_SWIFT_STANDARD_LIBRARIES = YES;
				BUNDLE_LOADER = "$(TEST_HOST)";
				INFOPLIST_FILE = "Task TimerTests/Info.plist";
				LD_RUNPATH_SEARCH_PATHS = "$(inherited) @executable_path/Frameworks @loader_path/Frameworks";
				PRODUCT_BUNDLE_IDENTIFIER = "com.example.Task-TimerTests";
				PRODUCT_NAME = "$(TARGET_NAME)";
				SWIFT_VERSION = 3.0;
				TEST_HOST = "$(BUILT_PRODUCTS_DIR)/Task Timer.app/Task Timer";
			};
			name = Debug;
		};
		D8AB6B8F1E992BA500A42749 /* Release */ = {
			isa = XCBuildConfiguration;
			buildSettings = {
				ALWAYS_EMBED_SWIFT_STANDARD_LIBRARIES = YES;
				BUNDLE_LOADER = "$(TEST_HOST)";
				INFOPLIST_FILE = "Task TimerTests/Info.plist";
				LD_RUNPATH_SEARCH_PATHS = "$(inherited) @executable_path/Frameworks @loader_path/Frameworks";
				PRODUCT_BUNDLE_IDENTIFIER = "com.example.Task-TimerTests";
				PRODUCT_NAME = "$(TARGET_NAME)";
				SWIFT_VERSION = 3.0;
				TEST_HOST = "$(BUILT_PRODUCTS_DIR)/Task Timer.app/Task Timer";
			};
			name = Release;
		};
/* End XCBuildConfiguration section */

/* Begin XCConfigurationList section */
		D8AB6B681E992BA400A42749 /* Build configuration list for PBXProject "Task Timer" */ = {
			isa = XCConfigurationList;
			buildConfigurations = (
				D8AB6B881E992BA500A42749 /* Debug */,
				D8AB6B891E992BA500A42749 /* Release */,
			);
			defaultConfigurationIsVisible = 0;
			defaultConfigurationName = Release;
		};
		D8AB6B8A1E992BA500A42749 /* Build configuration list for PBXNativeTarget "Task Timer" */ = {
			isa = XCConfigurationList;
			buildConfigurations = (
				D8AB6B8B1E992BA500A42749 /* Debug */,
				D8AB6B8C1E992BA500A42749 /* Release */,
			);
			defaultConfigurationIsVisible = 0;
			defaultConfigurationName = Release;
		};
		D8AB6B8D1E992BA500A42749 /* Build configuration list for PBXNativeTarget "Task TimerTests" */ = {
			isa = XCConfigurationList;
			buildConfigurations = (
				D8AB6B8E1E992BA500A42749 /* Debug */,
				D8AB6B8F1E992BA500A42749 /* Release */,
			);
			defaultConfigurationIsVisible = 0;
			defaultConfigurationName = Release;
		};
/* End XCConfigurationList section */
	};
	rootObject = D8AB6B651E992BA400A42749 /* Project object */;
}
